
Microsoft Visual Studio Solution File, Format Version 12.00
# Visual Studio for Mac
Project("{FAE04EC0-301F-11D3-BF4B-00C04F79EFBC}") = "fbTest", "fbTest.csproj", "{EDB04099-83F1-7607-360C-F129E31E5769}"
EndProject
Global
	GlobalSection(SolutionConfigurationPlatforms) = preSolution
		Debug|Any CPU = Debug|Any CPU
		Release|Any CPU = Release|Any CPU
	EndGlobalSection
	GlobalSection(ProjectConfigurationPlatforms) = postSolution
		{EDB04099-83F1-7607-360C-F129E31E5769}.Debug|Any CPU.ActiveCfg = Debug|Any CPU
		{EDB04099-83F1-7607-360C-F129E31E5769}.Debug|Any CPU.Build.0 = Debug|Any CPU
		{EDB04099-83F1-7607-360C-F129E31E5769}.Release|Any CPU.ActiveCfg = Release|Any CPU
		{EDB04099-83F1-7607-360C-F129E31E5769}.Release|Any CPU.Build.0 = Release|Any CPU
	EndGlobalSection
	GlobalSection(SolutionProperties) = preSolution
		HideSolutionNode = FALSE
	EndGlobalSection
EndGlobal
